
Microsoft Visual Studio Solution File, Format Version 12.00
# Visual Studio Version 16
VisualStudioVersion = 16.0.29503.13
MinimumVisualStudioVersion = 10.0.40219.1
Project("{FAE04EC0-301F-11D3-BF4B-00C04F79EFBC}") = "SocialCare-BackEnd", "SocialCare-BackEnd\SocialCare-BackEnd.csproj", "{2F749DBB-B3A1-496D-BB88-2ED2A2288B4C}"
EndProject
Project("{9A19103F-16F7-4668-BE54-9A1E7A4F7556}") = "Business", "..\IntegrateService\Business\Business.csproj", "{DE750F6A-D528-42BD-A7E6-DB466B8790DE}"
EndProject
Project("{9A19103F-16F7-4668-BE54-9A1E7A4F7556}") = "Core", "..\IntegrateService\Core\Core.csproj", "{00A6B081-B956-4973-BF82-896345F7BBB0}"
EndProject
Project("{9A19103F-16F7-4668-BE54-9A1E7A4F7556}") = "CommentAnalysis", "..\IntegrateService\CommentAnalysis\CommentAnalysis.csproj", "{2FAB9D51-7CF2-4822-AC6B-C9F9309CA139}"
EndProject
Project("{9A19103F-16F7-4668-BE54-9A1E7A4F7556}") = "Main", "..\IntegrateService\Main\Main.csproj", "{39C59FEE-BBB7-4A48-8D05-222BD0F4A8E7}"
EndProject
Project("{9A19103F-16F7-4668-BE54-9A1E7A4F7556}") = "Repository", "..\IntegrateService\Repository\Repository.csproj", "{02EDB7BA-6189-4189-AB00-67BD0182C511}"
EndProject
Global
	GlobalSection(SolutionConfigurationPlatforms) = preSolution
		Debug|Any CPU = Debug|Any CPU
		Release|Any CPU = Release|Any CPU
	EndGlobalSection
	GlobalSection(ProjectConfigurationPlatforms) = postSolution
		{2F749DBB-B3A1-496D-BB88-2ED2A2288B4C}.Debug|Any CPU.ActiveCfg = Debug|Any CPU
		{2F749DBB-B3A1-496D-BB88-2ED2A2288B4C}.Debug|Any CPU.Build.0 = Debug|Any CPU
		{2F749DBB-B3A1-496D-BB88-2ED2A2288B4C}.Release|Any CPU.ActiveCfg = Release|Any CPU
		{2F749DBB-B3A1-496D-BB88-2ED2A2288B4C}.Release|Any CPU.Build.0 = Release|Any CPU
		{DE750F6A-D528-42BD-A7E6-DB466B8790DE}.Debug|Any CPU.ActiveCfg = Debug|Any CPU
		{DE750F6A-D528-42BD-A7E6-DB466B8790DE}.Debug|Any CPU.Build.0 = Debug|Any CPU
		{DE750F6A-D528-42BD-A7E6-DB466B8790DE}.Release|Any CPU.ActiveCfg = Release|Any CPU
		{DE750F6A-D528-42BD-A7E6-DB466B8790DE}.Release|Any CPU.Build.0 = Release|Any CPU
		{00A6B081-B956-4973-BF82-896345F7BBB0}.Debug|Any CPU.ActiveCfg = Debug|Any CPU
		{00A6B081-B956-4973-BF82-896345F7BBB0}.Debug|Any CPU.Build.0 = Debug|Any CPU
		{00A6B081-B956-4973-BF82-896345F7BBB0}.Release|Any CPU.ActiveCfg = Release|Any CPU
		{00A6B081-B956-4973-BF82-896345F7BBB0}.Release|Any CPU.Build.0 = Release|Any CPU
		{2FAB9D51-7CF2-4822-AC6B-C9F9309CA139}.Debug|Any CPU.ActiveCfg = Debug|Any CPU
		{2FAB9D51-7CF2-4822-AC6B-C9F9309CA139}.Debug|Any CPU.Build.0 = Debug|Any CPU
		{2FAB9D51-7CF2-4822-AC6B-C9F9309CA139}.Release|Any CPU.ActiveCfg = Release|Any CPU
		{2FAB9D51-7CF2-4822-AC6B-C9F9309CA139}.Release|Any CPU.Build.0 = Release|Any CPU
		{39C59FEE-BBB7-4A48-8D05-222BD0F4A8E7}.Debug|Any CPU.ActiveCfg = Debug|Any CPU
		{39C59FEE-BBB7-4A48-8D05-222BD0F4A8E7}.Debug|Any CPU.Build.0 = Debug|Any CPU
		{39C59FEE-BBB7-4A48-8D05-222BD0F4A8E7}.Release|Any CPU.ActiveCfg = Release|Any CPU
		{39C59FEE-BBB7-4A48-8D05-222BD0F4A8E7}.Release|Any CPU.Build.0 = Release|Any CPU
		{02EDB7BA-6189-4189-AB00-67BD0182C511}.Debug|Any CPU.ActiveCfg = Debug|Any CPU
		{02EDB7BA-6189-4189-AB00-67BD0182C511}.Debug|Any CPU.Build.0 = Debug|Any CPU
		{02EDB7BA-6189-4189-AB00-67BD0182C511}.Release|Any CPU.ActiveCfg = Release|Any CPU
		{02EDB7BA-6189-4189-AB00-67BD0182C511}.Release|Any CPU.Build.0 = Release|Any CPU
	EndGlobalSection
	GlobalSection(SolutionProperties) = preSolution
		HideSolutionNode = FALSE
	EndGlobalSection
	GlobalSection(ExtensibilityGlobals) = postSolution
		SolutionGuid = {C640DC45-5473-4CC5-B789-2DDBD11BEDDC}
	EndGlobalSection
EndGlobal
